
Microsoft Visual Studio Solution File, Format Version 12.00
# Visual Studio Version 16
VisualStudioVersion = 16.0.29409.12
MinimumVisualStudioVersion = 10.0.40219.1
Project("{FAE04EC0-301F-11D3-BF4B-00C04F79EFBC}") = "IglesiaAdventistaSD", "IglesiaAdventistaSD\IglesiaAdventistaSD.csproj", "{804BEAAF-CBC7-48B1-A512-2F4C6EA10986}"
EndProject
Global
	GlobalSection(SolutionConfigurationPlatforms) = preSolution
		Debug|Any CPU = Debug|Any CPU
		Release|Any CPU = Release|Any CPU
	EndGlobalSection
	GlobalSection(ProjectConfigurationPlatforms) = postSolution
		{804BEAAF-CBC7-48B1-A512-2F4C6EA10986}.Debug|Any CPU.ActiveCfg = Debug|Any CPU
		{804BEAAF-CBC7-48B1-A512-2F4C6EA10986}.Debug|Any CPU.Build.0 = Debug|Any CPU
		{804BEAAF-CBC7-48B1-A512-2F4C6EA10986}.Release|Any CPU.ActiveCfg = Release|Any CPU
		{804BEAAF-CBC7-48B1-A512-2F4C6EA10986}.Release|Any CPU.Build.0 = Release|Any CPU
	EndGlobalSection
	GlobalSection(SolutionProperties) = preSolution
		HideSolutionNode = FALSE
	EndGlobalSection
	GlobalSection(ExtensibilityGlobals) = postSolution
		SolutionGuid = {76D22366-5D3E-48A2-9827-218AC3A8A649}
	EndGlobalSection
EndGlobal
